
Microsoft Visual Studio Solution File, Format Version 12.00
# Visual Studio 15
VisualStudioVersion = 15.0.28307.852
MinimumVisualStudioVersion = 10.0.40219.1
Project("{FAE04EC0-301F-11D3-BF4B-00C04F79EFBC}") = "Snake Wave", "Snake Wave.csproj", "{8893FCF9-5B5D-4CE9-993B-67836BD1404A}"
EndProject
Global
	GlobalSection(SolutionConfigurationPlatforms) = preSolution
		Debug|Any CPU = Debug|Any CPU
		Release|Any CPU = Release|Any CPU
	EndGlobalSection
	GlobalSection(ProjectConfigurationPlatforms) = postSolution
		{8893FCF9-5B5D-4CE9-993B-67836BD1404A}.Debug|Any CPU.ActiveCfg = Debug|Any CPU
		{8893FCF9-5B5D-4CE9-993B-67836BD1404A}.Debug|Any CPU.Build.0 = Debug|Any CPU
		{8893FCF9-5B5D-4CE9-993B-67836BD1404A}.Release|Any CPU.ActiveCfg = Release|Any CPU
		{8893FCF9-5B5D-4CE9-993B-67836BD1404A}.Release|Any CPU.Build.0 = Release|Any CPU
	EndGlobalSection
	GlobalSection(SolutionProperties) = preSolution
		HideSolutionNode = FALSE
	EndGlobalSection
	GlobalSection(ExtensibilityGlobals) = postSolution
		SolutionGuid = {D1F2D712-1AFE-47A5-9414-0E658ABD0392}
	EndGlobalSection
EndGlobal
